
Microsoft Visual Studio Solution File, Format Version 12.00
# Visual Studio Version 17
VisualStudioVersion = 17.7.34031.279
MinimumVisualStudioVersion = 10.0.40219.1
Project("{2150E333-8FDC-42A3-9474-1A3956D46DE8}") = "src", "src", "{D7FC116E-0F49-4CB5-AD94-10054CBD4790}"
EndProject
Project("{2150E333-8FDC-42A3-9474-1A3956D46DE8}") = "Core", "Core", "{AC1D64B4-E8F4-4073-9692-829E399BBA5E}"
EndProject
Project("{2150E333-8FDC-42A3-9474-1A3956D46DE8}") = "Infrastructure", "Infrastructure", "{452A7B54-29A5-4872-A9FA-0DE9C3AD9A88}"
EndProject
Project("{2150E333-8FDC-42A3-9474-1A3956D46DE8}") = "Presentation", "Presentation", "{AB6A778A-C92E-43E8-8F86-FF0299FE3EF2}"
EndProject
Project("{9A19103F-16F7-4668-BE54-9A1E7A4F7556}") = "Application", "Application\Application.csproj", "{8DF569AE-7479-490C-BE1B-FBF785F93645}"
EndProject
Project("{9A19103F-16F7-4668-BE54-9A1E7A4F7556}") = "Domain", "Domain\Domain.csproj", "{04124957-8241-4CA4-B738-7DAAF850624C}"
EndProject
Project("{9A19103F-16F7-4668-BE54-9A1E7A4F7556}") = "Persistence", "Persistence\Persistence.csproj", "{E38A1913-8BE9-4A53-ABAC-297DEB3BFC16}"
EndProject
Project("{9A19103F-16F7-4668-BE54-9A1E7A4F7556}") = "Infrastructure", "Infrastructure\Infrastructure.csproj", "{1970E6D9-E026-4B9D-B227-CCCD73EE1F40}"
EndProject
Project("{2150E333-8FDC-42A3-9474-1A3956D46DE8}") = "API", "API", "{A769C3FF-027D-4BC4-8B5D-41DAB0EE2EB3}"
EndProject
Project("{9A19103F-16F7-4668-BE54-9A1E7A4F7556}") = "API", "IdentityManagmentSystem.API\API.csproj", "{F5F20FAD-9198-4F42-B0D9-3F4E4BCE4670}"
EndProject
Global
	GlobalSection(SolutionConfigurationPlatforms) = preSolution
		Debug|Any CPU = Debug|Any CPU
		Release|Any CPU = Release|Any CPU
	EndGlobalSection
	GlobalSection(ProjectConfigurationPlatforms) = postSolution
		{8DF569AE-7479-490C-BE1B-FBF785F93645}.Debug|Any CPU.ActiveCfg = Debug|Any CPU
		{8DF569AE-7479-490C-BE1B-FBF785F93645}.Debug|Any CPU.Build.0 = Debug|Any CPU
		{8DF569AE-7479-490C-BE1B-FBF785F93645}.Release|Any CPU.ActiveCfg = Release|Any CPU
		{8DF569AE-7479-490C-BE1B-FBF785F93645}.Release|Any CPU.Build.0 = Release|Any CPU
		{04124957-8241-4CA4-B738-7DAAF850624C}.Debug|Any CPU.ActiveCfg = Debug|Any CPU
		{04124957-8241-4CA4-B738-7DAAF850624C}.Debug|Any CPU.Build.0 = Debug|Any CPU
		{04124957-8241-4CA4-B738-7DAAF850624C}.Release|Any CPU.ActiveCfg = Release|Any CPU
		{04124957-8241-4CA4-B738-7DAAF850624C}.Release|Any CPU.Build.0 = Release|Any CPU
		{E38A1913-8BE9-4A53-ABAC-297DEB3BFC16}.Debug|Any CPU.ActiveCfg = Debug|Any CPU
		{E38A1913-8BE9-4A53-ABAC-297DEB3BFC16}.Debug|Any CPU.Build.0 = Debug|Any CPU
		{E38A1913-8BE9-4A53-ABAC-297DEB3BFC16}.Release|Any CPU.ActiveCfg = Release|Any CPU
		{E38A1913-8BE9-4A53-ABAC-297DEB3BFC16}.Release|Any CPU.Build.0 = Release|Any CPU
		{1970E6D9-E026-4B9D-B227-CCCD73EE1F40}.Debug|Any CPU.ActiveCfg = Debug|Any CPU
		{1970E6D9-E026-4B9D-B227-CCCD73EE1F40}.Debug|Any CPU.Build.0 = Debug|Any CPU
		{1970E6D9-E026-4B9D-B227-CCCD73EE1F40}.Release|Any CPU.ActiveCfg = Release|Any CPU
		{1970E6D9-E026-4B9D-B227-CCCD73EE1F40}.Release|Any CPU.Build.0 = Release|Any CPU
		{F5F20FAD-9198-4F42-B0D9-3F4E4BCE4670}.Debug|Any CPU.ActiveCfg = Debug|Any CPU
		{F5F20FAD-9198-4F42-B0D9-3F4E4BCE4670}.Debug|Any CPU.Build.0 = Debug|Any CPU
		{F5F20FAD-9198-4F42-B0D9-3F4E4BCE4670}.Release|Any CPU.ActiveCfg = Release|Any CPU
		{F5F20FAD-9198-4F42-B0D9-3F4E4BCE4670}.Release|Any CPU.Build.0 = Release|Any CPU
	EndGlobalSection
	GlobalSection(SolutionProperties) = preSolution
		HideSolutionNode = FALSE
	EndGlobalSection
	GlobalSection(NestedProjects) = preSolution
		{AC1D64B4-E8F4-4073-9692-829E399BBA5E} = {D7FC116E-0F49-4CB5-AD94-10054CBD4790}
		{452A7B54-29A5-4872-A9FA-0DE9C3AD9A88} = {D7FC116E-0F49-4CB5-AD94-10054CBD4790}
		{AB6A778A-C92E-43E8-8F86-FF0299FE3EF2} = {D7FC116E-0F49-4CB5-AD94-10054CBD4790}
		{8DF569AE-7479-490C-BE1B-FBF785F93645} = {AC1D64B4-E8F4-4073-9692-829E399BBA5E}
		{04124957-8241-4CA4-B738-7DAAF850624C} = {AC1D64B4-E8F4-4073-9692-829E399BBA5E}
		{E38A1913-8BE9-4A53-ABAC-297DEB3BFC16} = {452A7B54-29A5-4872-A9FA-0DE9C3AD9A88}
		{1970E6D9-E026-4B9D-B227-CCCD73EE1F40} = {452A7B54-29A5-4872-A9FA-0DE9C3AD9A88}
		{A769C3FF-027D-4BC4-8B5D-41DAB0EE2EB3} = {AB6A778A-C92E-43E8-8F86-FF0299FE3EF2}
		{F5F20FAD-9198-4F42-B0D9-3F4E4BCE4670} = {A769C3FF-027D-4BC4-8B5D-41DAB0EE2EB3}
	EndGlobalSection
	GlobalSection(ExtensibilityGlobals) = postSolution
		SolutionGuid = {E9EE282B-BBBF-4F53-A587-57A62653E57B}
	EndGlobalSection
EndGlobal
